
Microsoft Visual Studio Solution File, Format Version 12.00
# Visual Studio Version 16
VisualStudioVersion = 16.0.30002.166
MinimumVisualStudioVersion = 10.0.40219.1
Project("{888888A0-9F3D-457C-B088-3A5042F75D52}") = "FileInventorySystem", "FileInventorySystem.pyproj", "{98C166E3-BB58-4251-8CD2-51B4B119FDDB}"
EndProject
Global
	GlobalSection(SolutionConfigurationPlatforms) = preSolution
		Debug|Any CPU = Debug|Any CPU
		Release|Any CPU = Release|Any CPU
	EndGlobalSection
	GlobalSection(ProjectConfigurationPlatforms) = postSolution
		{98C166E3-BB58-4251-8CD2-51B4B119FDDB}.Debug|Any CPU.ActiveCfg = Debug|Any CPU
		{98C166E3-BB58-4251-8CD2-51B4B119FDDB}.Debug|Any CPU.Build.0 = Debug|Any CPU
		{98C166E3-BB58-4251-8CD2-51B4B119FDDB}.Release|Any CPU.ActiveCfg = Release|Any CPU
		{98C166E3-BB58-4251-8CD2-51B4B119FDDB}.Release|Any CPU.Build.0 = Release|Any CPU
	EndGlobalSection
	GlobalSection(SolutionProperties) = preSolution
		HideSolutionNode = FALSE
	EndGlobalSection
	GlobalSection(ExtensibilityGlobals) = postSolution
		SolutionGuid = {3D2585F2-848C-4190-9E0B-187D5CA1DA9C}
	EndGlobalSection
EndGlobal
